
Microsoft Visual Studio Solution File, Format Version 12.00
# Visual Studio 15
Project("{FAE04EC0-301F-11D3-BF4B-00C04F79EFBC}") = "LocalNotification.Android", "LocalNotification.Android\LocalNotification.Android.csproj", "{0929C579-0E7F-4B0D-8B6F-BA9039EEBA7D}"
EndProject
Project("{FAE04EC0-301F-11D3-BF4B-00C04F79EFBC}") = "LocalNotification.iOS", "LocalNotification.iOS\LocalNotification.iOS.csproj", "{98DC321B-932C-417F-BB61-F4D42FF88FD0}"
EndProject
Project("{FAE04EC0-301F-11D3-BF4B-00C04F79EFBC}") = "LocalNotification", "LocalNotification\LocalNotification.csproj", "{474AF97E-C52B-48D7-ABEE-763CD097D574}"
EndProject
Global
	GlobalSection(SolutionConfigurationPlatforms) = preSolution
		Debug|Any CPU = Debug|Any CPU
		Release|Any CPU = Release|Any CPU
		Debug|iPhoneSimulator = Debug|iPhoneSimulator
		Release|iPhoneSimulator = Release|iPhoneSimulator
		Debug|iPhone = Debug|iPhone
		Release|iPhone = Release|iPhone
	EndGlobalSection
	GlobalSection(ProjectConfigurationPlatforms) = postSolution
		{0929C579-0E7F-4B0D-8B6F-BA9039EEBA7D}.Debug|Any CPU.ActiveCfg = Debug|Any CPU
		{0929C579-0E7F-4B0D-8B6F-BA9039EEBA7D}.Debug|Any CPU.Build.0 = Debug|Any CPU
		{0929C579-0E7F-4B0D-8B6F-BA9039EEBA7D}.Release|Any CPU.ActiveCfg = Release|Any CPU
		{0929C579-0E7F-4B0D-8B6F-BA9039EEBA7D}.Release|Any CPU.Build.0 = Release|Any CPU
		{0929C579-0E7F-4B0D-8B6F-BA9039EEBA7D}.Debug|iPhoneSimulator.ActiveCfg = Debug|Any CPU
		{0929C579-0E7F-4B0D-8B6F-BA9039EEBA7D}.Debug|iPhoneSimulator.Build.0 = Debug|Any CPU
		{0929C579-0E7F-4B0D-8B6F-BA9039EEBA7D}.Release|iPhoneSimulator.ActiveCfg = Release|Any CPU
		{0929C579-0E7F-4B0D-8B6F-BA9039EEBA7D}.Release|iPhoneSimulator.Build.0 = Release|Any CPU
		{0929C579-0E7F-4B0D-8B6F-BA9039EEBA7D}.Debug|iPhone.ActiveCfg = Debug|Any CPU
		{0929C579-0E7F-4B0D-8B6F-BA9039EEBA7D}.Debug|iPhone.Build.0 = Debug|Any CPU
		{0929C579-0E7F-4B0D-8B6F-BA9039EEBA7D}.Release|iPhone.ActiveCfg = Release|Any CPU
		{0929C579-0E7F-4B0D-8B6F-BA9039EEBA7D}.Release|iPhone.Build.0 = Release|Any CPU
		{98DC321B-932C-417F-BB61-F4D42FF88FD0}.Debug|Any CPU.ActiveCfg = Debug|iPhoneSimulator
		{98DC321B-932C-417F-BB61-F4D42FF88FD0}.Debug|Any CPU.Build.0 = Debug|iPhoneSimulator
		{98DC321B-932C-417F-BB61-F4D42FF88FD0}.Release|Any CPU.ActiveCfg = Release|iPhoneSimulator
		{98DC321B-932C-417F-BB61-F4D42FF88FD0}.Release|Any CPU.Build.0 = Release|iPhoneSimulator
		{98DC321B-932C-417F-BB61-F4D42FF88FD0}.Debug|iPhoneSimulator.ActiveCfg = Debug|iPhoneSimulator
		{98DC321B-932C-417F-BB61-F4D42FF88FD0}.Debug|iPhoneSimulator.Build.0 = Debug|iPhoneSimulator
		{98DC321B-932C-417F-BB61-F4D42FF88FD0}.Release|iPhoneSimulator.ActiveCfg = Release|iPhoneSimulator
		{98DC321B-932C-417F-BB61-F4D42FF88FD0}.Release|iPhoneSimulator.Build.0 = Release|iPhoneSimulator
		{98DC321B-932C-417F-BB61-F4D42FF88FD0}.Debug|iPhone.ActiveCfg = Debug|iPhone
		{98DC321B-932C-417F-BB61-F4D42FF88FD0}.Debug|iPhone.Build.0 = Debug|iPhone
		{98DC321B-932C-417F-BB61-F4D42FF88FD0}.Release|iPhone.ActiveCfg = Release|iPhone
		{98DC321B-932C-417F-BB61-F4D42FF88FD0}.Release|iPhone.Build.0 = Release|iPhone
		{474AF97E-C52B-48D7-ABEE-763CD097D574}.Debug|Any CPU.ActiveCfg = Debug|Any CPU
		{474AF97E-C52B-48D7-ABEE-763CD097D574}.Debug|Any CPU.Build.0 = Debug|Any CPU
		{474AF97E-C52B-48D7-ABEE-763CD097D574}.Release|Any CPU.ActiveCfg = Release|Any CPU
		{474AF97E-C52B-48D7-ABEE-763CD097D574}.Release|Any CPU.Build.0 = Release|Any CPU
		{474AF97E-C52B-48D7-ABEE-763CD097D574}.Debug|iPhoneSimulator.ActiveCfg = Debug|Any CPU
		{474AF97E-C52B-48D7-ABEE-763CD097D574}.Debug|iPhoneSimulator.Build.0 = Debug|Any CPU
		{474AF97E-C52B-48D7-ABEE-763CD097D574}.Release|iPhoneSimulator.ActiveCfg = Release|Any CPU
		{474AF97E-C52B-48D7-ABEE-763CD097D574}.Release|iPhoneSimulator.Build.0 = Release|Any CPU
		{474AF97E-C52B-48D7-ABEE-763CD097D574}.Debug|iPhone.ActiveCfg = Debug|Any CPU
		{474AF97E-C52B-48D7-ABEE-763CD097D574}.Debug|iPhone.Build.0 = Debug|Any CPU
		{474AF97E-C52B-48D7-ABEE-763CD097D574}.Release|iPhone.ActiveCfg = Release|Any CPU
		{474AF97E-C52B-48D7-ABEE-763CD097D574}.Release|iPhone.Build.0 = Release|Any CPU
	EndGlobalSection
EndGlobal
